
Microsoft Visual Studio Solution File, Format Version 12.00
# Visual Studio Version 17
VisualStudioVersion = 17.2.32630.192
MinimumVisualStudioVersion = 10.0.40219.1
Project("{FAE04EC0-301F-11D3-BF4B-00C04F79EFBC}") = "InventoryManagement.API", "InventoryManagement.API\InventoryManagement.API.csproj", "{22640D7A-4DE2-464B-ADD9-0834DB86BFE5}"
EndProject
Global
	GlobalSection(SolutionConfigurationPlatforms) = preSolution
		Debug|Any CPU = Debug|Any CPU
		Release|Any CPU = Release|Any CPU
	EndGlobalSection
	GlobalSection(ProjectConfigurationPlatforms) = postSolution
		{22640D7A-4DE2-464B-ADD9-0834DB86BFE5}.Debug|Any CPU.ActiveCfg = Debug|Any CPU
		{22640D7A-4DE2-464B-ADD9-0834DB86BFE5}.Debug|Any CPU.Build.0 = Debug|Any CPU
		{22640D7A-4DE2-464B-ADD9-0834DB86BFE5}.Release|Any CPU.ActiveCfg = Release|Any CPU
		{22640D7A-4DE2-464B-ADD9-0834DB86BFE5}.Release|Any CPU.Build.0 = Release|Any CPU
	EndGlobalSection
	GlobalSection(SolutionProperties) = preSolution
		HideSolutionNode = FALSE
	EndGlobalSection
	GlobalSection(ExtensibilityGlobals) = postSolution
		SolutionGuid = {B8D4CC79-2DDC-469A-A54D-556E11A8944B}
	EndGlobalSection
EndGlobal
