
Microsoft Visual Studio Solution File, Format Version 12.00
# Visual Studio Version 16
VisualStudioVersion = 16.0.31727.386
MinimumVisualStudioVersion = 10.0.40219.1
Project("{9A19103F-16F7-4668-BE54-9A1E7A4F7556}") = "InventoryManagement", "InventoryManagement\InventoryManagement.csproj", "{33FD28D0-574F-498C-89F4-761C0D5F0CFA}"
EndProject
Project("{9A19103F-16F7-4668-BE54-9A1E7A4F7556}") = "Library.InventoryManagement.OLD", "Library.InventoryManagement\Library.InventoryManagement.OLD.csproj", "{C9CCC8F5-5FFD-4593-BE0A-7406E2D12C58}"
EndProject
Project("{FAE04EC0-301F-11D3-BF4B-00C04F79EFBC}") = "InventoryManagementApplication.UWP", "InventoryManagementApplication.UWP\InventoryManagementApplication.UWP.csproj", "{1874D99B-B3FC-4A2C-9859-EAC842BF0C49}"
EndProject
Project("{FAE04EC0-301F-11D3-BF4B-00C04F79EFBC}") = "Library.InventoryManagement", "Library.InventoryManagement\Library.InventoryManagement.csproj", "{F17C6666-B68A-452B-BC59-41AB661F0F23}"
EndProject
Global
	GlobalSection(SolutionConfigurationPlatforms) = preSolution
		Debug|Any CPU = Debug|Any CPU
		Debug|ARM = Debug|ARM
		Debug|ARM64 = Debug|ARM64
		Debug|x64 = Debug|x64
		Debug|x86 = Debug|x86
		Release|Any CPU = Release|Any CPU
		Release|ARM = Release|ARM
		Release|ARM64 = Release|ARM64
		Release|x64 = Release|x64
		Release|x86 = Release|x86
	EndGlobalSection
	GlobalSection(ProjectConfigurationPlatforms) = postSolution
		{33FD28D0-574F-498C-89F4-761C0D5F0CFA}.Debug|Any CPU.ActiveCfg = Debug|Any CPU
		{33FD28D0-574F-498C-89F4-761C0D5F0CFA}.Debug|Any CPU.Build.0 = Debug|Any CPU
		{33FD28D0-574F-498C-89F4-761C0D5F0CFA}.Debug|ARM.ActiveCfg = Debug|Any CPU
		{33FD28D0-574F-498C-89F4-761C0D5F0CFA}.Debug|ARM.Build.0 = Debug|Any CPU
		{33FD28D0-574F-498C-89F4-761C0D5F0CFA}.Debug|ARM64.ActiveCfg = Debug|Any CPU
		{33FD28D0-574F-498C-89F4-761C0D5F0CFA}.Debug|ARM64.Build.0 = Debug|Any CPU
		{33FD28D0-574F-498C-89F4-761C0D5F0CFA}.Debug|x64.ActiveCfg = Debug|Any CPU
		{33FD28D0-574F-498C-89F4-761C0D5F0CFA}.Debug|x64.Build.0 = Debug|Any CPU
		{33FD28D0-574F-498C-89F4-761C0D5F0CFA}.Debug|x86.ActiveCfg = Debug|Any CPU
		{33FD28D0-574F-498C-89F4-761C0D5F0CFA}.Debug|x86.Build.0 = Debug|Any CPU
		{33FD28D0-574F-498C-89F4-761C0D5F0CFA}.Release|Any CPU.ActiveCfg = Release|Any CPU
		{33FD28D0-574F-498C-89F4-761C0D5F0CFA}.Release|Any CPU.Build.0 = Release|Any CPU
		{33FD28D0-574F-498C-89F4-761C0D5F0CFA}.Release|ARM.ActiveCfg = Release|Any CPU
		{33FD28D0-574F-498C-89F4-761C0D5F0CFA}.Release|ARM.Build.0 = Release|Any CPU
		{33FD28D0-574F-498C-89F4-761C0D5F0CFA}.Release|ARM64.ActiveCfg = Release|Any CPU
		{33FD28D0-574F-498C-89F4-761C0D5F0CFA}.Release|ARM64.Build.0 = Release|Any CPU
		{33FD28D0-574F-498C-89F4-761C0D5F0CFA}.Release|x64.ActiveCfg = Release|Any CPU
		{33FD28D0-574F-498C-89F4-761C0D5F0CFA}.Release|x64.Build.0 = Release|Any CPU
		{33FD28D0-574F-498C-89F4-761C0D5F0CFA}.Release|x86.ActiveCfg = Release|Any CPU
		{33FD28D0-574F-498C-89F4-761C0D5F0CFA}.Release|x86.Build.0 = Release|Any CPU
		{C9CCC8F5-5FFD-4593-BE0A-7406E2D12C58}.Debug|Any CPU.ActiveCfg = Debug|Any CPU
		{C9CCC8F5-5FFD-4593-BE0A-7406E2D12C58}.Debug|Any CPU.Build.0 = Debug|Any CPU
		{C9CCC8F5-5FFD-4593-BE0A-7406E2D12C58}.Debug|ARM.ActiveCfg = Debug|Any CPU
		{C9CCC8F5-5FFD-4593-BE0A-7406E2D12C58}.Debug|ARM.Build.0 = Debug|Any CPU
		{C9CCC8F5-5FFD-4593-BE0A-7406E2D12C58}.Debug|ARM64.ActiveCfg = Debug|Any CPU
		{C9CCC8F5-5FFD-4593-BE0A-7406E2D12C58}.Debug|ARM64.Build.0 = Debug|Any CPU
		{C9CCC8F5-5FFD-4593-BE0A-7406E2D12C58}.Debug|x64.ActiveCfg = Debug|Any CPU
		{C9CCC8F5-5FFD-4593-BE0A-7406E2D12C58}.Debug|x64.Build.0 = Debug|Any CPU
		{C9CCC8F5-5FFD-4593-BE0A-7406E2D12C58}.Debug|x86.ActiveCfg = Debug|Any CPU
		{C9CCC8F5-5FFD-4593-BE0A-7406E2D12C58}.Debug|x86.Build.0 = Debug|Any CPU
		{C9CCC8F5-5FFD-4593-BE0A-7406E2D12C58}.Release|Any CPU.ActiveCfg = Release|Any CPU
		{C9CCC8F5-5FFD-4593-BE0A-7406E2D12C58}.Release|Any CPU.Build.0 = Release|Any CPU
		{C9CCC8F5-5FFD-4593-BE0A-7406E2D12C58}.Release|ARM.ActiveCfg = Release|Any CPU
		{C9CCC8F5-5FFD-4593-BE0A-7406E2D12C58}.Release|ARM.Build.0 = Release|Any CPU
		{C9CCC8F5-5FFD-4593-BE0A-7406E2D12C58}.Release|ARM64.ActiveCfg = Release|Any CPU
		{C9CCC8F5-5FFD-4593-BE0A-7406E2D12C58}.Release|ARM64.Build.0 = Release|Any CPU
		{C9CCC8F5-5FFD-4593-BE0A-7406E2D12C58}.Release|x64.ActiveCfg = Release|Any CPU
		{C9CCC8F5-5FFD-4593-BE0A-7406E2D12C58}.Release|x64.Build.0 = Release|Any CPU
		{C9CCC8F5-5FFD-4593-BE0A-7406E2D12C58}.Release|x86.ActiveCfg = Release|Any CPU
		{C9CCC8F5-5FFD-4593-BE0A-7406E2D12C58}.Release|x86.Build.0 = Release|Any CPU
		{1874D99B-B3FC-4A2C-9859-EAC842BF0C49}.Debug|Any CPU.ActiveCfg = Debug|x86
		{1874D99B-B3FC-4A2C-9859-EAC842BF0C49}.Debug|ARM.ActiveCfg = Debug|ARM
		{1874D99B-B3FC-4A2C-9859-EAC842BF0C49}.Debug|ARM.Build.0 = Debug|ARM
		{1874D99B-B3FC-4A2C-9859-EAC842BF0C49}.Debug|ARM.Deploy.0 = Debug|ARM
		{1874D99B-B3FC-4A2C-9859-EAC842BF0C49}.Debug|ARM64.ActiveCfg = Debug|ARM64
		{1874D99B-B3FC-4A2C-9859-EAC842BF0C49}.Debug|ARM64.Build.0 = Debug|ARM64
		{1874D99B-B3FC-4A2C-9859-EAC842BF0C49}.Debug|ARM64.Deploy.0 = Debug|ARM64
		{1874D99B-B3FC-4A2C-9859-EAC842BF0C49}.Debug|x64.ActiveCfg = Debug|x64
		{1874D99B-B3FC-4A2C-9859-EAC842BF0C49}.Debug|x64.Build.0 = Debug|x64
		{1874D99B-B3FC-4A2C-9859-EAC842BF0C49}.Debug|x64.Deploy.0 = Debug|x64
		{1874D99B-B3FC-4A2C-9859-EAC842BF0C49}.Debug|x86.ActiveCfg = Debug|x86
		{1874D99B-B3FC-4A2C-9859-EAC842BF0C49}.Debug|x86.Build.0 = Debug|x86
		{1874D99B-B3FC-4A2C-9859-EAC842BF0C49}.Debug|x86.Deploy.0 = Debug|x86
		{1874D99B-B3FC-4A2C-9859-EAC842BF0C49}.Release|Any CPU.ActiveCfg = Release|x86
		{1874D99B-B3FC-4A2C-9859-EAC842BF0C49}.Release|ARM.ActiveCfg = Release|ARM
		{1874D99B-B3FC-4A2C-9859-EAC842BF0C49}.Release|ARM.Build.0 = Release|ARM
		{1874D99B-B3FC-4A2C-9859-EAC842BF0C49}.Release|ARM.Deploy.0 = Release|ARM
		{1874D99B-B3FC-4A2C-9859-EAC842BF0C49}.Release|ARM64.ActiveCfg = Release|ARM64
		{1874D99B-B3FC-4A2C-9859-EAC842BF0C49}.Release|ARM64.Build.0 = Release|ARM64
		{1874D99B-B3FC-4A2C-9859-EAC842BF0C49}.Release|ARM64.Deploy.0 = Release|ARM64
		{1874D99B-B3FC-4A2C-9859-EAC842BF0C49}.Release|x64.ActiveCfg = Release|x64
		{1874D99B-B3FC-4A2C-9859-EAC842BF0C49}.Release|x64.Build.0 = Release|x64
		{1874D99B-B3FC-4A2C-9859-EAC842BF0C49}.Release|x64.Deploy.0 = Release|x64
		{1874D99B-B3FC-4A2C-9859-EAC842BF0C49}.Release|x86.ActiveCfg = Release|x86
		{1874D99B-B3FC-4A2C-9859-EAC842BF0C49}.Release|x86.Build.0 = Release|x86
		{1874D99B-B3FC-4A2C-9859-EAC842BF0C49}.Release|x86.Deploy.0 = Release|x86
		{F17C6666-B68A-452B-BC59-41AB661F0F23}.Debug|Any CPU.ActiveCfg = Debug|Any CPU
		{F17C6666-B68A-452B-BC59-41AB661F0F23}.Debug|Any CPU.Build.0 = Debug|Any CPU
		{F17C6666-B68A-452B-BC59-41AB661F0F23}.Debug|ARM.ActiveCfg = Debug|ARM
		{F17C6666-B68A-452B-BC59-41AB661F0F23}.Debug|ARM.Build.0 = Debug|ARM
		{F17C6666-B68A-452B-BC59-41AB661F0F23}.Debug|ARM64.ActiveCfg = Debug|ARM64
		{F17C6666-B68A-452B-BC59-41AB661F0F23}.Debug|ARM64.Build.0 = Debug|ARM64
		{F17C6666-B68A-452B-BC59-41AB661F0F23}.Debug|x64.ActiveCfg = Debug|x64
		{F17C6666-B68A-452B-BC59-41AB661F0F23}.Debug|x64.Build.0 = Debug|x64
		{F17C6666-B68A-452B-BC59-41AB661F0F23}.Debug|x86.ActiveCfg = Debug|x86
		{F17C6666-B68A-452B-BC59-41AB661F0F23}.Debug|x86.Build.0 = Debug|x86
		{F17C6666-B68A-452B-BC59-41AB661F0F23}.Release|Any CPU.ActiveCfg = Release|Any CPU
		{F17C6666-B68A-452B-BC59-41AB661F0F23}.Release|Any CPU.Build.0 = Release|Any CPU
		{F17C6666-B68A-452B-BC59-41AB661F0F23}.Release|ARM.ActiveCfg = Release|ARM
		{F17C6666-B68A-452B-BC59-41AB661F0F23}.Release|ARM.Build.0 = Release|ARM
		{F17C6666-B68A-452B-BC59-41AB661F0F23}.Release|ARM64.ActiveCfg = Release|ARM64
		{F17C6666-B68A-452B-BC59-41AB661F0F23}.Release|ARM64.Build.0 = Release|ARM64
		{F17C6666-B68A-452B-BC59-41AB661F0F23}.Release|x64.ActiveCfg = Release|x64
		{F17C6666-B68A-452B-BC59-41AB661F0F23}.Release|x64.Build.0 = Release|x64
		{F17C6666-B68A-452B-BC59-41AB661F0F23}.Release|x86.ActiveCfg = Release|x86
		{F17C6666-B68A-452B-BC59-41AB661F0F23}.Release|x86.Build.0 = Release|x86
	EndGlobalSection
	GlobalSection(SolutionProperties) = preSolution
		HideSolutionNode = FALSE
	EndGlobalSection
	GlobalSection(ExtensibilityGlobals) = postSolution
		SolutionGuid = {97EC3E02-52C4-4797-A267-77BCD5E28B46}
	EndGlobalSection
EndGlobal
